
Microsoft Visual Studio Solution File, Format Version 12.00
# Visual Studio Version 16
VisualStudioVersion = 16.0.29521.150
MinimumVisualStudioVersion = 10.0.40219.1
Project("{FAE04EC0-301F-11D3-BF4B-00C04F79EFBC}") = "BlazorApp1.Server", "BlazorApp1\Server\BlazorApp1.Server.csproj", "{6369057C-8F3A-4B04-BBE5-4D4B7093AC83}"
EndProject
Project("{FAE04EC0-301F-11D3-BF4B-00C04F79EFBC}") = "BlazorApp1.Client", "BlazorApp1\Client\BlazorApp1.Client.csproj", "{D3258BAB-7847-4478-B98C-815F2FE6D5FB}"
EndProject
Project("{FAE04EC0-301F-11D3-BF4B-00C04F79EFBC}") = "BlazorApp1.Shared", "BlazorApp1\Shared\BlazorApp1.Shared.csproj", "{47599859-D22E-452A-B00B-D55398CE0529}"
EndProject
Global
	GlobalSection(SolutionConfigurationPlatforms) = preSolution
		Debug|Any CPU = Debug|Any CPU
		Release|Any CPU = Release|Any CPU
	EndGlobalSection
	GlobalSection(ProjectConfigurationPlatforms) = postSolution
		{6369057C-8F3A-4B04-BBE5-4D4B7093AC83}.Debug|Any CPU.ActiveCfg = Debug|Any CPU
		{6369057C-8F3A-4B04-BBE5-4D4B7093AC83}.Debug|Any CPU.Build.0 = Debug|Any CPU
		{6369057C-8F3A-4B04-BBE5-4D4B7093AC83}.Release|Any CPU.ActiveCfg = Release|Any CPU
		{6369057C-8F3A-4B04-BBE5-4D4B7093AC83}.Release|Any CPU.Build.0 = Release|Any CPU
		{D3258BAB-7847-4478-B98C-815F2FE6D5FB}.Debug|Any CPU.ActiveCfg = Debug|Any CPU
		{D3258BAB-7847-4478-B98C-815F2FE6D5FB}.Debug|Any CPU.Build.0 = Debug|Any CPU
		{D3258BAB-7847-4478-B98C-815F2FE6D5FB}.Release|Any CPU.ActiveCfg = Release|Any CPU
		{D3258BAB-7847-4478-B98C-815F2FE6D5FB}.Release|Any CPU.Build.0 = Release|Any CPU
		{47599859-D22E-452A-B00B-D55398CE0529}.Debug|Any CPU.ActiveCfg = Debug|Any CPU
		{47599859-D22E-452A-B00B-D55398CE0529}.Debug|Any CPU.Build.0 = Debug|Any CPU
		{47599859-D22E-452A-B00B-D55398CE0529}.Release|Any CPU.ActiveCfg = Release|Any CPU
		{47599859-D22E-452A-B00B-D55398CE0529}.Release|Any CPU.Build.0 = Release|Any CPU
	EndGlobalSection
	GlobalSection(SolutionProperties) = preSolution
		HideSolutionNode = FALSE
	EndGlobalSection
	GlobalSection(ExtensibilityGlobals) = postSolution
		SolutionGuid = {2DFC0A5E-F405-4909-B5B3-7368FD153575}
	EndGlobalSection
EndGlobal
